version = 1
requires-python = ">=3.12"

[[package]]
name = "scripts"
version = "0.1.0"
source = { virtual = "." }
dependencies = [
    { name = "yt-dlp" },
]

[package.metadata]
requires-dist = [{ name = "yt-dlp", specifier = ">=2025.1.26" }]

[[package]]
name = "yt-dlp"
version = "2025.1.26"
source = { registry = "https://pypi.org/simple" }
sdist = { url = "https://files.pythonhosted.org/packages/0e/8c/b8b04d88f2d3f579fb5fcb65bdf66abbec3e1d22a3b982e3d2f63301ef2e/yt_dlp-2025.1.26.tar.gz", hash = "sha256:1c9738266921ad43c568ad01ac3362fb7c7af549276fbec92bd72f140da16240", size = 2922241 }
wheels = [
    { url = "https://files.pythonhosted.org/packages/33/9b/1b28a179fb4e1c751ab2a3d39c82606a9754a0d4521d7a9b7579e08aa5f8/yt_dlp-2025.1.26-py3-none-any.whl", hash = "sha256:3e76bd896b9f96601021ca192ca0fbdd195e3c3dcc28302a3a34c9bc4979da7b", size = 3181256 },
]
